
Microsoft Visual Studio Solution File, Format Version 12.00
# Visual Studio Version 16
VisualStudioVersion = 16.0.29709.97
MinimumVisualStudioVersion = 10.0.40219.1
Project("{9A19103F-16F7-4668-BE54-9A1E7A4F7556}") = "Labelix.Contracts", "Labelix.Contracts\Labelix.Contracts.csproj", "{4152597B-1F16-4917-878C-06A185BAD41E}"
EndProject
Project("{FAE04EC0-301F-11D3-BF4B-00C04F79EFBC}") = "Labelix.ConApp", "Labelix.ConApp\Labelix.ConApp.csproj", "{BA28DBB1-86C9-4339-AB46-E7E6B8C77ABE}"
EndProject
Global
	GlobalSection(SolutionConfigurationPlatforms) = preSolution
		Debug|Any CPU = Debug|Any CPU
		Release|Any CPU = Release|Any CPU
	EndGlobalSection
	GlobalSection(ProjectConfigurationPlatforms) = postSolution
		{4152597B-1F16-4917-878C-06A185BAD41E}.Debug|Any CPU.ActiveCfg = Debug|Any CPU
		{4152597B-1F16-4917-878C-06A185BAD41E}.Debug|Any CPU.Build.0 = Debug|Any CPU
		{4152597B-1F16-4917-878C-06A185BAD41E}.Release|Any CPU.ActiveCfg = Release|Any CPU
		{4152597B-1F16-4917-878C-06A185BAD41E}.Release|Any CPU.Build.0 = Release|Any CPU
		{BA28DBB1-86C9-4339-AB46-E7E6B8C77ABE}.Debug|Any CPU.ActiveCfg = Debug|Any CPU
		{BA28DBB1-86C9-4339-AB46-E7E6B8C77ABE}.Debug|Any CPU.Build.0 = Debug|Any CPU
		{BA28DBB1-86C9-4339-AB46-E7E6B8C77ABE}.Release|Any CPU.ActiveCfg = Release|Any CPU
		{BA28DBB1-86C9-4339-AB46-E7E6B8C77ABE}.Release|Any CPU.Build.0 = Release|Any CPU
	EndGlobalSection
	GlobalSection(SolutionProperties) = preSolution
		HideSolutionNode = FALSE
	EndGlobalSection
	GlobalSection(ExtensibilityGlobals) = postSolution
		SolutionGuid = {364C3A93-CF05-4A7D-B5E6-2BF2CC16F64A}
	EndGlobalSection
EndGlobal
